
Microsoft Visual Studio Solution File, Format Version 12.00
# Visual Studio Version 17
VisualStudioVersion = 17.10.35013.160
MinimumVisualStudioVersion = 10.0.40219.1
Project("{9A19103F-16F7-4668-BE54-9A1E7A4F7556}") = "LOLUserManagerBEApi", "LOLUserManagerBEApi\LOLUserManagerBEApi.csproj", "{40695333-7ABA-40B2-93B2-5F316300C92E}"
EndProject
Project("{E53339B2-1760-4266-BCC7-CA923CBCF16C}") = "docker-compose", "docker-compose.dcproj", "{B110B8F1-D37B-4DA0-A70C-81A63822C99E}"
EndProject
Global
	GlobalSection(SolutionConfigurationPlatforms) = preSolution
		Debug|Any CPU = Debug|Any CPU
		Release|Any CPU = Release|Any CPU
	EndGlobalSection
	GlobalSection(ProjectConfigurationPlatforms) = postSolution
		{40695333-7ABA-40B2-93B2-5F316300C92E}.Debug|Any CPU.ActiveCfg = Debug|Any CPU
		{40695333-7ABA-40B2-93B2-5F316300C92E}.Debug|Any CPU.Build.0 = Debug|Any CPU
		{40695333-7ABA-40B2-93B2-5F316300C92E}.Release|Any CPU.ActiveCfg = Release|Any CPU
		{40695333-7ABA-40B2-93B2-5F316300C92E}.Release|Any CPU.Build.0 = Release|Any CPU
		{B110B8F1-D37B-4DA0-A70C-81A63822C99E}.Debug|Any CPU.ActiveCfg = Debug|Any CPU
		{B110B8F1-D37B-4DA0-A70C-81A63822C99E}.Debug|Any CPU.Build.0 = Debug|Any CPU
		{B110B8F1-D37B-4DA0-A70C-81A63822C99E}.Release|Any CPU.ActiveCfg = Release|Any CPU
		{B110B8F1-D37B-4DA0-A70C-81A63822C99E}.Release|Any CPU.Build.0 = Release|Any CPU
	EndGlobalSection
	GlobalSection(SolutionProperties) = preSolution
		HideSolutionNode = FALSE
	EndGlobalSection
	GlobalSection(ExtensibilityGlobals) = postSolution
		SolutionGuid = {701BCB09-62DD-47B6-B4E3-8E165CE09C84}
	EndGlobalSection
EndGlobal
